
Microsoft Visual Studio Solution File, Format Version 12.00
# Visual Studio Version 17
VisualStudioVersion = 17.7.34031.279
MinimumVisualStudioVersion = 10.0.40219.1
Project("{FAE04EC0-301F-11D3-BF4B-00C04F79EFBC}") = "ConsoleApp38", "ConsoleApp38.csproj", "{F1E554D0-5F39-480F-AC1C-8F804117C2AF}"
EndProject
Global
	GlobalSection(SolutionConfigurationPlatforms) = preSolution
		Debug|Any CPU = Debug|Any CPU
		Release|Any CPU = Release|Any CPU
	EndGlobalSection
	GlobalSection(ProjectConfigurationPlatforms) = postSolution
		{F1E554D0-5F39-480F-AC1C-8F804117C2AF}.Debug|Any CPU.ActiveCfg = Debug|Any CPU
		{F1E554D0-5F39-480F-AC1C-8F804117C2AF}.Debug|Any CPU.Build.0 = Debug|Any CPU
		{F1E554D0-5F39-480F-AC1C-8F804117C2AF}.Release|Any CPU.ActiveCfg = Release|Any CPU
		{F1E554D0-5F39-480F-AC1C-8F804117C2AF}.Release|Any CPU.Build.0 = Release|Any CPU
	EndGlobalSection
	GlobalSection(SolutionProperties) = preSolution
		HideSolutionNode = FALSE
	EndGlobalSection
	GlobalSection(ExtensibilityGlobals) = postSolution
		SolutionGuid = {BABAE022-0477-4E03-B32F-873D60EB4437}
	EndGlobalSection
EndGlobal
